// !$*UTF8*$!
{
	archiveVersion = 1;
	classes = {
	};
	objectVersion = 55;
	objects = {

/* Begin PBXBuildFile section */
		624BE06329CB3B2E0071CD57 /* YWRefreshHeader.swift in Sources */ = {isa = PBXBuildFile; fileRef = 624BE06229CB3B2E0071CD57 /* YWRefreshHeader.swift */; };
		624BE06529CB3DBD0071CD57 /* YWRefreshAuotNormalFooter.swift in Sources */ = {isa = PBXBuildFile; fileRef = 624BE06429CB3DBD0071CD57 /* YWRefreshAuotNormalFooter.swift */; };
		624BE06829CDD2FE0071CD57 /* YWAdvsEventsModel.swift in Sources */ = {isa = PBXBuildFile; fileRef = 624BE06729CDD2FD0071CD57 /* YWAdvsEventsModel.swift */; };
		624BE06A29CDD31F0071CD57 /* YWAdvsEventsManager.swift in Sources */ = {isa = PBXBuildFile; fileRef = 624BE06929CDD31F0071CD57 /* YWAdvsEventsManager.swift */; };
		624BE06D29CDE2F70071CD57 /* YWThemesColors.swift in Sources */ = {isa = PBXBuildFile; fileRef = 624BE06C29CDE2F70071CD57 /* YWThemesColors.swift */; };
		624BE07029CF29E80071CD57 /* JKRegexHelper.swift in Sources */ = {isa = PBXBuildFile; fileRef = 624BE06F29CF29E80071CD57 /* JKRegexHelper.swift */; };
		624BE07229D01E500071CD57 /* YWRefreshFooter.swift in Sources */ = {isa = PBXBuildFile; fileRef = 624BE07129D01E500071CD57 /* YWRefreshFooter.swift */; };
		624BE07529D054E40071CD57 /* YWThemesMainView.swift in Sources */ = {isa = PBXBuildFile; fileRef = 624BE07429D054E40071CD57 /* YWThemesMainView.swift */; };
		624BE07729D0560B0071CD57 /* YWThemeHandleManagerView.swift in Sources */ = {isa = PBXBuildFile; fileRef = 624BE07629D0560B0071CD57 /* YWThemeHandleManagerView.swift */; };
		624BE07929D0564D0071CD57 /* YWThemeCollectionView.swift in Sources */ = {isa = PBXBuildFile; fileRef = 624BE07829D0564D0071CD57 /* YWThemeCollectionView.swift */; };
		624BE07B29D05A010071CD57 /* YWCustomerLayoutSectionModuleProtocol.swift in Sources */ = {isa = PBXBuildFile; fileRef = 624BE07A29D05A010071CD57 /* YWCustomerLayoutSectionModuleProtocol.swift */; };
		624BE07D29D05C220071CD57 /* YWCollectionCellModelProtocol.swift in Sources */ = {isa = PBXBuildFile; fileRef = 624BE07C29D05C220071CD57 /* YWCollectionCellModelProtocol.swift */; };
		624BE07F29D05D9C0071CD57 /* YWCollectCCellProtocol.swift in Sources */ = {isa = PBXBuildFile; fileRef = 624BE07E29D05D9C0071CD57 /* YWCollectCCellProtocol.swift */; };
		624BE08129D05F460071CD57 /* YWThemeBlockModel.swift in Sources */ = {isa = PBXBuildFile; fileRef = 624BE08029D05F460071CD57 /* YWThemeBlockModel.swift */; };
		624BE08429D060810071CD57 /* YWThemesCCell.swift in Sources */ = {isa = PBXBuildFile; fileRef = 624BE08329D060810071CD57 /* YWThemesCCell.swift */; };
		624BE08729D0619B0071CD57 /* YWCustomThemeMultiModule.swift in Sources */ = {isa = PBXBuildFile; fileRef = 624BE08629D0619B0071CD57 /* YWCustomThemeMultiModule.swift */; };
		624BE08A29D0628F0071CD57 /* YWThemeMultiCCellModel.swift in Sources */ = {isa = PBXBuildFile; fileRef = 624BE08929D0628F0071CD57 /* YWThemeMultiCCellModel.swift */; };
		624BE08C29D0637C0071CD57 /* YWThemesMainLayout.swift in Sources */ = {isa = PBXBuildFile; fileRef = 624BE08B29D0637C0071CD57 /* YWThemesMainLayout.swift */; };
		624BE08E29D312990071CD57 /* YWWaterFallViewModule.swift in Sources */ = {isa = PBXBuildFile; fileRef = 624BE08D29D312990071CD57 /* YWWaterFallViewModule.swift */; };
		624BE09029D3137D0071CD57 /* YWCustomMathTool.swift in Sources */ = {isa = PBXBuildFile; fileRef = 624BE08F29D3137D0071CD57 /* YWCustomMathTool.swift */; };
		624BE09229D31CA10071CD57 /* YWMultiColumnsGoodItemsViewModule.swift in Sources */ = {isa = PBXBuildFile; fileRef = 624BE09129D31CA10071CD57 /* YWMultiColumnsGoodItemsViewModule.swift */; };
		624BE09429D5B8B20071CD57 /* YWThemeHandleManagerView+init.swift in Sources */ = {isa = PBXBuildFile; fileRef = 624BE09329D5B8B20071CD57 /* YWThemeHandleManagerView+init.swift */; };
		624BE09629D5BCAF0071CD57 /* YWAsinglViewModule.swift in Sources */ = {isa = PBXBuildFile; fileRef = 624BE09529D5BCAF0071CD57 /* YWAsinglViewModule.swift */; };
		624BE09829D5BFD40071CD57 /* YWHomeChannelCCellModel.swift in Sources */ = {isa = PBXBuildFile; fileRef = 624BE09729D5BFD40071CD57 /* YWHomeChannelCCellModel.swift */; };
		62F68B9129AB5E190023EC3C /* AppDelegate.swift in Sources */ = {isa = PBXBuildFile; fileRef = 62F68B9029AB5E190023EC3C /* AppDelegate.swift */; };
		62F68B9329AB5E190023EC3C /* SceneDelegate.swift in Sources */ = {isa = PBXBuildFile; fileRef = 62F68B9229AB5E190023EC3C /* SceneDelegate.swift */; };
		62F68B9529AB5E190023EC3C /* ViewController.swift in Sources */ = {isa = PBXBuildFile; fileRef = 62F68B9429AB5E190023EC3C /* ViewController.swift */; };
		62F68B9829AB5E190023EC3C /* Main.storyboard in Resources */ = {isa = PBXBuildFile; fileRef = 62F68B9629AB5E190023EC3C /* Main.storyboard */; };
		62F68B9A29AB5E1F0023EC3C /* Assets.xcassets in Resources */ = {isa = PBXBuildFile; fileRef = 62F68B9929AB5E1F0023EC3C /* Assets.xcassets */; };
		62F68B9D29AB5E1F0023EC3C /* LaunchScreen.storyboard in Resources */ = {isa = PBXBuildFile; fileRef = 62F68B9B29AB5E1F0023EC3C /* LaunchScreen.storyboard */; };
		62F68BA729AB74F10023EC3C /* YWBaseViewController.swift in Sources */ = {isa = PBXBuildFile; fileRef = 62F68BA629AB74F10023EC3C /* YWBaseViewController.swift */; };
		62F68BA929AB75200023EC3C /* YWNavigationViewController.swift in Sources */ = {isa = PBXBuildFile; fileRef = 62F68BA829AB75200023EC3C /* YWNavigationViewController.swift */; };
		62F68BAB29AB75470023EC3C /* YWTabBarViewController.swift in Sources */ = {isa = PBXBuildFile; fileRef = 62F68BAA29AB75470023EC3C /* YWTabBarViewController.swift */; };
		62F68BB029AB75B30023EC3C /* YWHomeCtrl.swift in Sources */ = {isa = PBXBuildFile; fileRef = 62F68BAF29AB75B30023EC3C /* YWHomeCtrl.swift */; };
		62F68BB229AB75C80023EC3C /* YWAccountCtrl.swift in Sources */ = {isa = PBXBuildFile; fileRef = 62F68BB129AB75C80023EC3C /* YWAccountCtrl.swift */; };
		62F68BB429AB75DD0023EC3C /* YWCategoryCtrl.swift in Sources */ = {isa = PBXBuildFile; fileRef = 62F68BB329AB75DD0023EC3C /* YWCategoryCtrl.swift */; };
		62F68BB729AB7DDC0023EC3C /* YWWebHtmlImageCtrl.swift in Sources */ = {isa = PBXBuildFile; fileRef = 62F68BB629AB7DDC0023EC3C /* YWWebHtmlImageCtrl.swift */; };
		62F68BBD29B0CC1E0023EC3C /* YWMoyaConfig.swift in Sources */ = {isa = PBXBuildFile; fileRef = 62F68BBC29B0CC1E0023EC3C /* YWMoyaConfig.swift */; };
		62F68BBF29B0CD250023EC3C /* YWUrlRouterConstant.swift in Sources */ = {isa = PBXBuildFile; fileRef = 62F68BBE29B0CD250023EC3C /* YWUrlRouterConstant.swift */; };
		62F68BC329B0CE0B0023EC3C /* YWConstant.swift in Sources */ = {isa = PBXBuildFile; fileRef = 62F68BC229B0CE0B0023EC3C /* YWConstant.swift */; };
		62F68BC529B0CF790023EC3C /* YWConstant+Device.swift in Sources */ = {isa = PBXBuildFile; fileRef = 62F68BC429B0CF790023EC3C /* YWConstant+Device.swift */; };
		62F68BC729B0D01C0023EC3C /* YWConstant+UI.swift in Sources */ = {isa = PBXBuildFile; fileRef = 62F68BC629B0D01C0023EC3C /* YWConstant+UI.swift */; };
		62F68BC929B0D1730023EC3C /* YWConstant+Common.swift in Sources */ = {isa = PBXBuildFile; fileRef = 62F68BC829B0D1730023EC3C /* YWConstant+Common.swift */; };
		62F68BCC29B0D32E0023EC3C /* YWGlobalConfigManager.swift in Sources */ = {isa = PBXBuildFile; fileRef = 62F68BCB29B0D32E0023EC3C /* YWGlobalConfigManager.swift */; };
		62F68BCF29B0D4B60023EC3C /* YWKeyChainUtil.swift in Sources */ = {isa = PBXBuildFile; fileRef = 62F68BCE29B0D4B60023EC3C /* YWKeyChainUtil.swift */; };
		62F68BD329B0D5650023EC3C /* TTestOC.m in Sources */ = {isa = PBXBuildFile; fileRef = 62F68BD229B0D5650023EC3C /* TTestOC.m */; };
		62F68BD529B0D6610023EC3C /* YWUserHelper.swift in Sources */ = {isa = PBXBuildFile; fileRef = 62F68BD429B0D6610023EC3C /* YWUserHelper.swift */; };
		62F68BD729B0DB320023EC3C /* YWTargetType.swift in Sources */ = {isa = PBXBuildFile; fileRef = 62F68BD629B0DB320023EC3C /* YWTargetType.swift */; };
		62F68BD929B0DF7C0023EC3C /* YWGlobalURLConfigModel.swift in Sources */ = {isa = PBXBuildFile; fileRef = 62F68BD829B0DF7C0023EC3C /* YWGlobalURLConfigModel.swift */; };
		62F68BDB29B0E0BF0023EC3C /* YWResult.swift in Sources */ = {isa = PBXBuildFile; fileRef = 62F68BDA29B0E0BF0023EC3C /* YWResult.swift */; };
		62F68BDD29B0E0E50023EC3C /* YWResponseCode.swift in Sources */ = {isa = PBXBuildFile; fileRef = 62F68BDC29B0E0E50023EC3C /* YWResponseCode.swift */; };
		62F68BDF29B0E12F0023EC3C /* YWRequestable.swift in Sources */ = {isa = PBXBuildFile; fileRef = 62F68BDE29B0E12F0023EC3C /* YWRequestable.swift */; };
		62F68BE129B0E1840023EC3C /* API.swift in Sources */ = {isa = PBXBuildFile; fileRef = 62F68BE029B0E1840023EC3C /* API.swift */; };
		62F68BE329B0E1BD0023EC3C /* YWNetworkLoggerPlugin.swift in Sources */ = {isa = PBXBuildFile; fileRef = 62F68BE229B0E1BD0023EC3C /* YWNetworkLoggerPlugin.swift */; };
		62F68BE529B0E3240023EC3C /* YWLoginAPI.swift in Sources */ = {isa = PBXBuildFile; fileRef = 62F68BE429B0E3240023EC3C /* YWLoginAPI.swift */; };
		62F68BE729B0E53E0023EC3C /* YWUserAPI.swift in Sources */ = {isa = PBXBuildFile; fileRef = 62F68BE629B0E53E0023EC3C /* YWUserAPI.swift */; };
		62F68BE929B0E6CE0023EC3C /* YWUserService.swift in Sources */ = {isa = PBXBuildFile; fileRef = 62F68BE829B0E6CE0023EC3C /* YWUserService.swift */; };
		62F68BEB29B0E6E00023EC3C /* YWLoginService.swift in Sources */ = {isa = PBXBuildFile; fileRef = 62F68BEA29B0E6E00023EC3C /* YWLoginService.swift */; };
		62F68BEE29B21F390023EC3C /* YWNavigatorPaths.swift in Sources */ = {isa = PBXBuildFile; fileRef = 62F68BED29B21F390023EC3C /* YWNavigatorPaths.swift */; };
		62F68BF029B220270023EC3C /* YWNavigatable.swift in Sources */ = {isa = PBXBuildFile; fileRef = 62F68BEF29B220270023EC3C /* YWNavigatable.swift */; };
		62F68BF229B220BF0023EC3C /* YWViewModelBased.swift in Sources */ = {isa = PBXBuildFile; fileRef = 62F68BF129B220BF0023EC3C /* YWViewModelBased.swift */; };
		62F68BF429B221060023EC3C /* YWNavigatorServices.swift in Sources */ = {isa = PBXBuildFile; fileRef = 62F68BF329B221060023EC3C /* YWNavigatorServices.swift */; };
		62F68BF629B227F30023EC3C /* YWNavigatorMap.swift in Sources */ = {isa = PBXBuildFile; fileRef = 62F68BF529B227F30023EC3C /* YWNavigatorMap.swift */; };
		62F68BF929B228930023EC3C /* YWSearchCtrl.swift in Sources */ = {isa = PBXBuildFile; fileRef = 62F68BF829B228930023EC3C /* YWSearchCtrl.swift */; };
		62F68BFB29B2291B0023EC3C /* YWSearchViewModel.swift in Sources */ = {isa = PBXBuildFile; fileRef = 62F68BFA29B2291B0023EC3C /* YWSearchViewModel.swift */; };
		62F68BFD29B2297C0023EC3C /* YWSearchService.swift in Sources */ = {isa = PBXBuildFile; fileRef = 62F68BFC29B2297C0023EC3C /* YWSearchService.swift */; };
		62F68BFF29B2299A0023EC3C /* YWSearchAPI.swift in Sources */ = {isa = PBXBuildFile; fileRef = 62F68BFE29B2299A0023EC3C /* YWSearchAPI.swift */; };
		62F68C0429B61A650023EC3C /* YWHomeViewModel.swift in Sources */ = {isa = PBXBuildFile; fileRef = 62F68C0329B61A650023EC3C /* YWHomeViewModel.swift */; };
		62F68C0629B61A850023EC3C /* YWCategoryViewModel.swift in Sources */ = {isa = PBXBuildFile; fileRef = 62F68C0529B61A850023EC3C /* YWCategoryViewModel.swift */; };
		62F68C0829B61AAB0023EC3C /* YWAccountViewModel.swift in Sources */ = {isa = PBXBuildFile; fileRef = 62F68C0729B61AAB0023EC3C /* YWAccountViewModel.swift */; };
		62F68C0B29B61C9C0023EC3C /* YWHomeModel.swift in Sources */ = {isa = PBXBuildFile; fileRef = 62F68C0A29B61C9C0023EC3C /* YWHomeModel.swift */; };
		62F68C0D29BA0D6B0023EC3C /* YWAccountCenterCtrl.swift in Sources */ = {isa = PBXBuildFile; fileRef = 62F68C0C29BA0D6B0023EC3C /* YWAccountCenterCtrl.swift */; };
		62F68C1129BA0D9B0023EC3C /* YWSettingCtrl.swift in Sources */ = {isa = PBXBuildFile; fileRef = 62F68C1029BA0D9B0023EC3C /* YWSettingCtrl.swift */; };
		62F68C1529BA0DCE0023EC3C /* YWMessageCenterCtrl.swift in Sources */ = {isa = PBXBuildFile; fileRef = 62F68C1429BA0DCE0023EC3C /* YWMessageCenterCtrl.swift */; };
		62F68C1729BA0DEC0023EC3C /* YWMessageSystemCtrl.swift in Sources */ = {isa = PBXBuildFile; fileRef = 62F68C1629BA0DEC0023EC3C /* YWMessageSystemCtrl.swift */; };
		62F68C1929BA0E010023EC3C /* YWMessageActivityCtrl.swift in Sources */ = {isa = PBXBuildFile; fileRef = 62F68C1829BA0E010023EC3C /* YWMessageActivityCtrl.swift */; };
		62F68C1B29BA0E3A0023EC3C /* YWSearchResultCtrl.swift in Sources */ = {isa = PBXBuildFile; fileRef = 62F68C1A29BA0E3A0023EC3C /* YWSearchResultCtrl.swift */; };
		62F68C1E29BA0E760023EC3C /* YWSearchResultViewModel.swift in Sources */ = {isa = PBXBuildFile; fileRef = 62F68C1D29BA0E760023EC3C /* YWSearchResultViewModel.swift */; };
		62F68C2129BA0FA10023EC3C /* YWProgressHUD.swift in Sources */ = {isa = PBXBuildFile; fileRef = 62F68C2029BA0FA10023EC3C /* YWProgressHUD.swift */; };
		62F68C2429BA10CB0023EC3C /* YWColor+Extension.swift in Sources */ = {isa = PBXBuildFile; fileRef = 62F68C2329BA10CB0023EC3C /* YWColor+Extension.swift */; };
		62F68C2629BA167A0023EC3C /* YWImage+Extension.swift in Sources */ = {isa = PBXBuildFile; fileRef = 62F68C2529BA167A0023EC3C /* YWImage+Extension.swift */; };
		62F68C2829BA19B50023EC3C /* YWColor+Theme.swift in Sources */ = {isa = PBXBuildFile; fileRef = 62F68C2729BA19B50023EC3C /* YWColor+Theme.swift */; };
		62F68C2A29BA1A5D0023EC3C /* YWNSObject+Extension.swift in Sources */ = {isa = PBXBuildFile; fileRef = 62F68C2929BA1A5D0023EC3C /* YWNSObject+Extension.swift */; };
		62F68C2D29BA1D640023EC3C /* YWOrigRequest.swift in Sources */ = {isa = PBXBuildFile; fileRef = 62F68C2C29BA1D640023EC3C /* YWOrigRequest.swift */; };
		62F68C2F29BA1E1C0023EC3C /* YWNavigationController+Extension.swift in Sources */ = {isa = PBXBuildFile; fileRef = 62F68C2E29BA1E1C0023EC3C /* YWNavigationController+Extension.swift */; };
		62F68C3129BA20980023EC3C /* YWFont+Extension.swift in Sources */ = {isa = PBXBuildFile; fileRef = 62F68C3029BA20980023EC3C /* YWFont+Extension.swift */; };
		62F68C3329BA21570023EC3C /* YWButton+Extension.swift in Sources */ = {isa = PBXBuildFile; fileRef = 62F68C3229BA21570023EC3C /* YWButton+Extension.swift */; };
		62F68C3529BF51700023EC3C /* YWView+Extension.swift in Sources */ = {isa = PBXBuildFile; fileRef = 62F68C3429BF51700023EC3C /* YWView+Extension.swift */; };
		62F68C3729C0A5B10023EC3C /* YWString+Extension.swift in Sources */ = {isa = PBXBuildFile; fileRef = 62F68C3629C0A5B10023EC3C /* YWString+Extension.swift */; };
		62F68C3A29C1FC3E0023EC3C /* YWNetworkReachabilityManager.swift in Sources */ = {isa = PBXBuildFile; fileRef = 62F68C3929C1FC3E0023EC3C /* YWNetworkReachabilityManager.swift */; };
		62F68C3C29C1FC4D0023EC3C /* ODBlankPageTipView.swift in Sources */ = {isa = PBXBuildFile; fileRef = 62F68C3B29C1FC4D0023EC3C /* ODBlankPageTipView.swift */; };
		62F68C3E29C1FC590023EC3C /* UIScrollView+ODBlankPageTipView.swift in Sources */ = {isa = PBXBuildFile; fileRef = 62F68C3D29C1FC590023EC3C /* UIScrollView+ODBlankPageTipView.swift */; };
		62F68C4129C1FDCF0023EC3C /* YWDate.swift in Sources */ = {isa = PBXBuildFile; fileRef = 62F68C4029C1FDCF0023EC3C /* YWDate.swift */; };
		62F68C4429C341E40023EC3C /* YWAccountCell.swift in Sources */ = {isa = PBXBuildFile; fileRef = 62F68C4329C341E30023EC3C /* YWAccountCell.swift */; };
		62F68C4829C3468F0023EC3C /* YWBaseModel.swift in Sources */ = {isa = PBXBuildFile; fileRef = 62F68C4729C3468F0023EC3C /* YWBaseModel.swift */; };
		62F68C4A29C346E30023EC3C /* YWAccountItemModel.swift in Sources */ = {isa = PBXBuildFile; fileRef = 62F68C4929C346E30023EC3C /* YWAccountItemModel.swift */; };
		62F68C4C29C34B330023EC3C /* HUDViewModelBase.swift in Sources */ = {isa = PBXBuildFile; fileRef = 62F68C4B29C34B330023EC3C /* HUDViewModelBase.swift */; };
		62F68C4E29C34E080023EC3C /* YWUIViewController+Extension.swift in Sources */ = {isa = PBXBuildFile; fileRef = 62F68C4D29C34E080023EC3C /* YWUIViewController+Extension.swift */; };
		75A3E4B8A9E79AA3AF72D998 /* Pods_YWTigerkin.framework in Frameworks */ = {isa = PBXBuildFile; fileRef = D80CD5CD02A6E1E11EDF2028 /* Pods_YWTigerkin.framework */; };
/* End PBXBuildFile section */

/* Begin PBXFileReference section */
		288D7EC254B0498AFFA713DA /* Pods-YWTigerkin.debug.xcconfig */ = {isa = PBXFileReference; includeInIndex = 1; lastKnownFileType = text.xcconfig; name = "Pods-YWTigerkin.debug.xcconfig"; path = "Target Support Files/Pods-YWTigerkin/Pods-YWTigerkin.debug.xcconfig"; sourceTree = "<group>"; };
		624BE06229CB3B2E0071CD57 /* YWRefreshHeader.swift */ = {isa = PBXFileReference; lastKnownFileType = sourcecode.swift; path = YWRefreshHeader.swift; sourceTree = "<group>"; };
		624BE06429CB3DBD0071CD57 /* YWRefreshAuotNormalFooter.swift */ = {isa = PBXFileReference; lastKnownFileType = sourcecode.swift; path = YWRefreshAuotNormalFooter.swift; sourceTree = "<group>"; };
		624BE06729CDD2FD0071CD57 /* YWAdvsEventsModel.swift */ = {isa = PBXFileReference; lastKnownFileType = sourcecode.swift; path = YWAdvsEventsModel.swift; sourceTree = "<group>"; };
		624BE06929CDD31F0071CD57 /* YWAdvsEventsManager.swift */ = {isa = PBXFileReference; lastKnownFileType = sourcecode.swift; path = YWAdvsEventsManager.swift; sourceTree = "<group>"; };
		624BE06C29CDE2F70071CD57 /* YWThemesColors.swift */ = {isa = PBXFileReference; lastKnownFileType = sourcecode.swift; path = YWThemesColors.swift; sourceTree = "<group>"; };
		624BE06F29CF29E80071CD57 /* JKRegexHelper.swift */ = {isa = PBXFileReference; lastKnownFileType = sourcecode.swift; path = JKRegexHelper.swift; sourceTree = "<group>"; };
		624BE07129D01E500071CD57 /* YWRefreshFooter.swift */ = {isa = PBXFileReference; lastKnownFileType = sourcecode.swift; path = YWRefreshFooter.swift; sourceTree = "<group>"; };
		624BE07429D054E40071CD57 /* YWThemesMainView.swift */ = {isa = PBXFileReference; lastKnownFileType = sourcecode.swift; path = YWThemesMainView.swift; sourceTree = "<group>"; };
		624BE07629D0560B0071CD57 /* YWThemeHandleManagerView.swift */ = {isa = PBXFileReference; lastKnownFileType = sourcecode.swift; path = YWThemeHandleManagerView.swift; sourceTree = "<group>"; };
		624BE07829D0564D0071CD57 /* YWThemeCollectionView.swift */ = {isa = PBXFileReference; lastKnownFileType = sourcecode.swift; path = YWThemeCollectionView.swift; sourceTree = "<group>"; };
		624BE07A29D05A010071CD57 /* YWCustomerLayoutSectionModuleProtocol.swift */ = {isa = PBXFileReference; lastKnownFileType = sourcecode.swift; path = YWCustomerLayoutSectionModuleProtocol.swift; sourceTree = "<group>"; };
		624BE07C29D05C220071CD57 /* YWCollectionCellModelProtocol.swift */ = {isa = PBXFileReference; lastKnownFileType = sourcecode.swift; path = YWCollectionCellModelProtocol.swift; sourceTree = "<group>"; };
		624BE07E29D05D9C0071CD57 /* YWCollectCCellProtocol.swift */ = {isa = PBXFileReference; lastKnownFileType = sourcecode.swift; path = YWCollectCCellProtocol.swift; sourceTree = "<group>"; };
		624BE08029D05F460071CD57 /* YWThemeBlockModel.swift */ = {isa = PBXFileReference; lastKnownFileType = sourcecode.swift; path = YWThemeBlockModel.swift; sourceTree = "<group>"; };
		624BE08329D060810071CD57 /* YWThemesCCell.swift */ = {isa = PBXFileReference; lastKnownFileType = sourcecode.swift; path = YWThemesCCell.swift; sourceTree = "<group>"; };
		624BE08629D0619B0071CD57 /* YWCustomThemeMultiModule.swift */ = {isa = PBXFileReference; lastKnownFileType = sourcecode.swift; path = YWCustomThemeMultiModule.swift; sourceTree = "<group>"; };
		624BE08929D0628F0071CD57 /* YWThemeMultiCCellModel.swift */ = {isa = PBXFileReference; lastKnownFileType = sourcecode.swift; path = YWThemeMultiCCellModel.swift; sourceTree = "<group>"; };
		624BE08B29D0637C0071CD57 /* YWThemesMainLayout.swift */ = {isa = PBXFileReference; lastKnownFileType = sourcecode.swift; path = YWThemesMainLayout.swift; sourceTree = "<group>"; };
		624BE08D29D312990071CD57 /* YWWaterFallViewModule.swift */ = {isa = PBXFileReference; lastKnownFileType = sourcecode.swift; path = YWWaterFallViewModule.swift; sourceTree = "<group>"; };
		624BE08F29D3137D0071CD57 /* YWCustomMathTool.swift */ = {isa = PBXFileReference; lastKnownFileType = sourcecode.swift; path = YWCustomMathTool.swift; sourceTree = "<group>"; };
		624BE09129D31CA10071CD57 /* YWMultiColumnsGoodItemsViewModule.swift */ = {isa = PBXFileReference; lastKnownFileType = sourcecode.swift; path = YWMultiColumnsGoodItemsViewModule.swift; sourceTree = "<group>"; };
		624BE09329D5B8B20071CD57 /* YWThemeHandleManagerView+init.swift */ = {isa = PBXFileReference; lastKnownFileType = sourcecode.swift; path = "YWThemeHandleManagerView+init.swift"; sourceTree = "<group>"; };
		624BE09529D5BCAF0071CD57 /* YWAsinglViewModule.swift */ = {isa = PBXFileReference; lastKnownFileType = sourcecode.swift; path = YWAsinglViewModule.swift; sourceTree = "<group>"; };
		624BE09729D5BFD40071CD57 /* YWHomeChannelCCellModel.swift */ = {isa = PBXFileReference; lastKnownFileType = sourcecode.swift; path = YWHomeChannelCCellModel.swift; sourceTree = "<group>"; };
		62F68B8D29AB5E190023EC3C /* YWTigerkin.app */ = {isa = PBXFileReference; explicitFileType = wrapper.application; includeInIndex = 0; path = YWTigerkin.app; sourceTree = BUILT_PRODUCTS_DIR; };
		62F68B9029AB5E190023EC3C /* AppDelegate.swift */ = {isa = PBXFileReference; lastKnownFileType = sourcecode.swift; path = AppDelegate.swift; sourceTree = "<group>"; };
		62F68B9229AB5E190023EC3C /* SceneDelegate.swift */ = {isa = PBXFileReference; lastKnownFileType = sourcecode.swift; path = SceneDelegate.swift; sourceTree = "<group>"; };
		62F68B9429AB5E190023EC3C /* ViewController.swift */ = {isa = PBXFileReference; lastKnownFileType = sourcecode.swift; path = ViewController.swift; sourceTree = "<group>"; };
		62F68B9729AB5E190023EC3C /* Base */ = {isa = PBXFileReference; lastKnownFileType = file.storyboard; name = Base; path = Base.lproj/Main.storyboard; sourceTree = "<group>"; };
		62F68B9929AB5E1F0023EC3C /* Assets.xcassets */ = {isa = PBXFileReference; lastKnownFileType = folder.assetcatalog; path = Assets.xcassets; sourceTree = "<group>"; };
		62F68B9C29AB5E1F0023EC3C /* Base */ = {isa = PBXFileReference; lastKnownFileType = file.storyboard; name = Base; path = Base.lproj/LaunchScreen.storyboard; sourceTree = "<group>"; };
		62F68B9E29AB5E1F0023EC3C /* Info.plist */ = {isa = PBXFileReference; lastKnownFileType = text.plist.xml; path = Info.plist; sourceTree = "<group>"; };
		62F68BA629AB74F10023EC3C /* YWBaseViewController.swift */ = {isa = PBXFileReference; lastKnownFileType = sourcecode.swift; path = YWBaseViewController.swift; sourceTree = "<group>"; };
		62F68BA829AB75200023EC3C /* YWNavigationViewController.swift */ = {isa = PBXFileReference; lastKnownFileType = sourcecode.swift; path = YWNavigationViewController.swift; sourceTree = "<group>"; };
		62F68BAA29AB75470023EC3C /* YWTabBarViewController.swift */ = {isa = PBXFileReference; lastKnownFileType = sourcecode.swift; path = YWTabBarViewController.swift; sourceTree = "<group>"; };
		62F68BAF29AB75B30023EC3C /* YWHomeCtrl.swift */ = {isa = PBXFileReference; lastKnownFileType = sourcecode.swift; path = YWHomeCtrl.swift; sourceTree = "<group>"; };
		62F68BB129AB75C80023EC3C /* YWAccountCtrl.swift */ = {isa = PBXFileReference; lastKnownFileType = sourcecode.swift; path = YWAccountCtrl.swift; sourceTree = "<group>"; };
		62F68BB329AB75DD0023EC3C /* YWCategoryCtrl.swift */ = {isa = PBXFileReference; lastKnownFileType = sourcecode.swift; path = YWCategoryCtrl.swift; sourceTree = "<group>"; };
		62F68BB629AB7DDC0023EC3C /* YWWebHtmlImageCtrl.swift */ = {isa = PBXFileReference; lastKnownFileType = sourcecode.swift; path = YWWebHtmlImageCtrl.swift; sourceTree = "<group>"; };
		62F68BBC29B0CC1E0023EC3C /* YWMoyaConfig.swift */ = {isa = PBXFileReference; lastKnownFileType = sourcecode.swift; path = YWMoyaConfig.swift; sourceTree = "<group>"; };
		62F68BBE29B0CD250023EC3C /* YWUrlRouterConstant.swift */ = {isa = PBXFileReference; lastKnownFileType = sourcecode.swift; path = YWUrlRouterConstant.swift; sourceTree = "<group>"; };
		62F68BC229B0CE0B0023EC3C /* YWConstant.swift */ = {isa = PBXFileReference; lastKnownFileType = sourcecode.swift; path = YWConstant.swift; sourceTree = "<group>"; };
		62F68BC429B0CF790023EC3C /* YWConstant+Device.swift */ = {isa = PBXFileReference; lastKnownFileType = sourcecode.swift; path = "YWConstant+Device.swift"; sourceTree = "<group>"; };
		62F68BC629B0D01C0023EC3C /* YWConstant+UI.swift */ = {isa = PBXFileReference; lastKnownFileType = sourcecode.swift; path = "YWConstant+UI.swift"; sourceTree = "<group>"; };
		62F68BC829B0D1730023EC3C /* YWConstant+Common.swift */ = {isa = PBXFileReference; lastKnownFileType = sourcecode.swift; path = "YWConstant+Common.swift"; sourceTree = "<group>"; };
		62F68BCB29B0D32E0023EC3C /* YWGlobalConfigManager.swift */ = {isa = PBXFileReference; lastKnownFileType = sourcecode.swift; path = YWGlobalConfigManager.swift; sourceTree = "<group>"; };
		62F68BCE29B0D4B60023EC3C /* YWKeyChainUtil.swift */ = {isa = PBXFileReference; lastKnownFileType = sourcecode.swift; path = YWKeyChainUtil.swift; sourceTree = "<group>"; };
		62F68BD029B0D5640023EC3C /* YWTigerkin-Bridging-Header.h */ = {isa = PBXFileReference; lastKnownFileType = sourcecode.c.h; path = "YWTigerkin-Bridging-Header.h"; sourceTree = "<group>"; };
		62F68BD129B0D5650023EC3C /* TTestOC.h */ = {isa = PBXFileReference; lastKnownFileType = sourcecode.c.h; path = TTestOC.h; sourceTree = "<group>"; };
		62F68BD229B0D5650023EC3C /* TTestOC.m */ = {isa = PBXFileReference; lastKnownFileType = sourcecode.c.objc; path = TTestOC.m; sourceTree = "<group>"; };
		62F68BD429B0D6610023EC3C /* YWUserHelper.swift */ = {isa = PBXFileReference; lastKnownFileType = sourcecode.swift; path = YWUserHelper.swift; sourceTree = "<group>"; };
		62F68BD629B0DB320023EC3C /* YWTargetType.swift */ = {isa = PBXFileReference; lastKnownFileType = sourcecode.swift; path = YWTargetType.swift; sourceTree = "<group>"; };
		62F68BD829B0DF7C0023EC3C /* YWGlobalURLConfigModel.swift */ = {isa = PBXFileReference; lastKnownFileType = sourcecode.swift; path = YWGlobalURLConfigModel.swift; sourceTree = "<group>"; };
		62F68BDA29B0E0BF0023EC3C /* YWResult.swift */ = {isa = PBXFileReference; lastKnownFileType = sourcecode.swift; path = YWResult.swift; sourceTree = "<group>"; };
		62F68BDC29B0E0E50023EC3C /* YWResponseCode.swift */ = {isa = PBXFileReference; lastKnownFileType = sourcecode.swift; path = YWResponseCode.swift; sourceTree = "<group>"; };
		62F68BDE29B0E12F0023EC3C /* YWRequestable.swift */ = {isa = PBXFileReference; lastKnownFileType = sourcecode.swift; path = YWRequestable.swift; sourceTree = "<group>"; };
		62F68BE029B0E1840023EC3C /* API.swift */ = {isa = PBXFileReference; lastKnownFileType = sourcecode.swift; path = API.swift; sourceTree = "<group>"; };
		62F68BE229B0E1BD0023EC3C /* YWNetworkLoggerPlugin.swift */ = {isa = PBXFileReference; lastKnownFileType = sourcecode.swift; path = YWNetworkLoggerPlugin.swift; sourceTree = "<group>"; };
		62F68BE429B0E3240023EC3C /* YWLoginAPI.swift */ = {isa = PBXFileReference; lastKnownFileType = sourcecode.swift; path = YWLoginAPI.swift; sourceTree = "<group>"; };
		62F68BE629B0E53E0023EC3C /* YWUserAPI.swift */ = {isa = PBXFileReference; lastKnownFileType = sourcecode.swift; path = YWUserAPI.swift; sourceTree = "<group>"; };
		62F68BE829B0E6CE0023EC3C /* YWUserService.swift */ = {isa = PBXFileReference; lastKnownFileType = sourcecode.swift; path = YWUserService.swift; sourceTree = "<group>"; };
		62F68BEA29B0E6E00023EC3C /* YWLoginService.swift */ = {isa = PBXFileReference; lastKnownFileType = sourcecode.swift; path = YWLoginService.swift; sourceTree = "<group>"; };
		62F68BED29B21F390023EC3C /* YWNavigatorPaths.swift */ = {isa = PBXFileReference; lastKnownFileType = sourcecode.swift; path = YWNavigatorPaths.swift; sourceTree = "<group>"; };
		62F68BEF29B220270023EC3C /* YWNavigatable.swift */ = {isa = PBXFileReference; lastKnownFileType = sourcecode.swift; path = YWNavigatable.swift; sourceTree = "<group>"; };
		62F68BF129B220BF0023EC3C /* YWViewModelBased.swift */ = {isa = PBXFileReference; lastKnownFileType = sourcecode.swift; path = YWViewModelBased.swift; sourceTree = "<group>"; };
		62F68BF329B221060023EC3C /* YWNavigatorServices.swift */ = {isa = PBXFileReference; lastKnownFileType = sourcecode.swift; path = YWNavigatorServices.swift; sourceTree = "<group>"; };
		62F68BF529B227F30023EC3C /* YWNavigatorMap.swift */ = {isa = PBXFileReference; lastKnownFileType = sourcecode.swift; path = YWNavigatorMap.swift; sourceTree = "<group>"; };
		62F68BF829B228930023EC3C /* YWSearchCtrl.swift */ = {isa = PBXFileReference; lastKnownFileType = sourcecode.swift; path = YWSearchCtrl.swift; sourceTree = "<group>"; };
		62F68BFA29B2291B0023EC3C /* YWSearchViewModel.swift */ = {isa = PBXFileReference; lastKnownFileType = sourcecode.swift; path = YWSearchViewModel.swift; sourceTree = "<group>"; };
		62F68BFC29B2297C0023EC3C /* YWSearchService.swift */ = {isa = PBXFileReference; lastKnownFileType = sourcecode.swift; path = YWSearchService.swift; sourceTree = "<group>"; };
		62F68BFE29B2299A0023EC3C /* YWSearchAPI.swift */ = {isa = PBXFileReference; lastKnownFileType = sourcecode.swift; path = YWSearchAPI.swift; sourceTree = "<group>"; };
		62F68C0329B61A650023EC3C /* YWHomeViewModel.swift */ = {isa = PBXFileReference; lastKnownFileType = sourcecode.swift; path = YWHomeViewModel.swift; sourceTree = "<group>"; };
		62F68C0529B61A850023EC3C /* YWCategoryViewModel.swift */ = {isa = PBXFileReference; lastKnownFileType = sourcecode.swift; path = YWCategoryViewModel.swift; sourceTree = "<group>"; };
		62F68C0729B61AAB0023EC3C /* YWAccountViewModel.swift */ = {isa = PBXFileReference; lastKnownFileType = sourcecode.swift; path = YWAccountViewModel.swift; sourceTree = "<group>"; };
		62F68C0A29B61C9C0023EC3C /* YWHomeModel.swift */ = {isa = PBXFileReference; lastKnownFileType = sourcecode.swift; path = YWHomeModel.swift; sourceTree = "<group>"; };
		62F68C0C29BA0D6B0023EC3C /* YWAccountCenterCtrl.swift */ = {isa = PBXFileReference; lastKnownFileType = sourcecode.swift; path = YWAccountCenterCtrl.swift; sourceTree = "<group>"; };
		62F68C1029BA0D9B0023EC3C /* YWSettingCtrl.swift */ = {isa = PBXFileReference; lastKnownFileType = sourcecode.swift; path = YWSettingCtrl.swift; sourceTree = "<group>"; };
		62F68C1429BA0DCE0023EC3C /* YWMessageCenterCtrl.swift */ = {isa = PBXFileReference; lastKnownFileType = sourcecode.swift; path = YWMessageCenterCtrl.swift; sourceTree = "<group>"; };
		62F68C1629BA0DEC0023EC3C /* YWMessageSystemCtrl.swift */ = {isa = PBXFileReference; lastKnownFileType = sourcecode.swift; path = YWMessageSystemCtrl.swift; sourceTree = "<group>"; };
		62F68C1829BA0E010023EC3C /* YWMessageActivityCtrl.swift */ = {isa = PBXFileReference; lastKnownFileType = sourcecode.swift; path = YWMessageActivityCtrl.swift; sourceTree = "<group>"; };
		62F68C1A29BA0E3A0023EC3C /* YWSearchResultCtrl.swift */ = {isa = PBXFileReference; lastKnownFileType = sourcecode.swift; path = YWSearchResultCtrl.swift; sourceTree = "<group>"; };
		62F68C1D29BA0E760023EC3C /* YWSearchResultViewModel.swift */ = {isa = PBXFileReference; lastKnownFileType = sourcecode.swift; path = YWSearchResultViewModel.swift; sourceTree = "<group>"; };
		62F68C2029BA0FA10023EC3C /* YWProgressHUD.swift */ = {isa = PBXFileReference; lastKnownFileType = sourcecode.swift; path = YWProgressHUD.swift; sourceTree = "<group>"; };
		62F68C2329BA10CB0023EC3C /* YWColor+Extension.swift */ = {isa = PBXFileReference; lastKnownFileType = sourcecode.swift; path = "YWColor+Extension.swift"; sourceTree = "<group>"; };
		62F68C2529BA167A0023EC3C /* YWImage+Extension.swift */ = {isa = PBXFileReference; lastKnownFileType = sourcecode.swift; path = "YWImage+Extension.swift"; sourceTree = "<group>"; };
		62F68C2729BA19B50023EC3C /* YWColor+Theme.swift */ = {isa = PBXFileReference; lastKnownFileType = sourcecode.swift; path = "YWColor+Theme.swift"; sourceTree = "<group>"; };
		62F68C2929BA1A5D0023EC3C /* YWNSObject+Extension.swift */ = {isa = PBXFileReference; lastKnownFileType = sourcecode.swift; path = "YWNSObject+Extension.swift"; sourceTree = "<group>"; };
		62F68C2C29BA1D640023EC3C /* YWOrigRequest.swift */ = {isa = PBXFileReference; lastKnownFileType = sourcecode.swift; path = YWOrigRequest.swift; sourceTree = "<group>"; };
		62F68C2E29BA1E1C0023EC3C /* YWNavigationController+Extension.swift */ = {isa = PBXFileReference; lastKnownFileType = sourcecode.swift; path = "YWNavigationController+Extension.swift"; sourceTree = "<group>"; };
		62F68C3029BA20980023EC3C /* YWFont+Extension.swift */ = {isa = PBXFileReference; lastKnownFileType = sourcecode.swift; path = "YWFont+Extension.swift"; sourceTree = "<group>"; };
		62F68C3229BA21570023EC3C /* YWButton+Extension.swift */ = {isa = PBXFileReference; lastKnownFileType = sourcecode.swift; path = "YWButton+Extension.swift"; sourceTree = "<group>"; };
		62F68C3429BF51700023EC3C /* YWView+Extension.swift */ = {isa = PBXFileReference; lastKnownFileType = sourcecode.swift; path = "YWView+Extension.swift"; sourceTree = "<group>"; };
		62F68C3629C0A5B10023EC3C /* YWString+Extension.swift */ = {isa = PBXFileReference; lastKnownFileType = sourcecode.swift; path = "YWString+Extension.swift"; sourceTree = "<group>"; };
		62F68C3929C1FC3E0023EC3C /* YWNetworkReachabilityManager.swift */ = {isa = PBXFileReference; fileEncoding = 4; lastKnownFileType = sourcecode.swift; path = YWNetworkReachabilityManager.swift; sourceTree = "<group>"; };
		62F68C3B29C1FC4D0023EC3C /* ODBlankPageTipView.swift */ = {isa = PBXFileReference; fileEncoding = 4; lastKnownFileType = sourcecode.swift; path = ODBlankPageTipView.swift; sourceTree = "<group>"; };
		62F68C3D29C1FC590023EC3C /* UIScrollView+ODBlankPageTipView.swift */ = {isa = PBXFileReference; fileEncoding = 4; lastKnownFileType = sourcecode.swift; path = "UIScrollView+ODBlankPageTipView.swift"; sourceTree = "<group>"; };
		62F68C4029C1FDCF0023EC3C /* YWDate.swift */ = {isa = PBXFileReference; lastKnownFileType = sourcecode.swift; path = YWDate.swift; sourceTree = "<group>"; };
		62F68C4329C341E30023EC3C /* YWAccountCell.swift */ = {isa = PBXFileReference; lastKnownFileType = sourcecode.swift; path = YWAccountCell.swift; sourceTree = "<group>"; };
		62F68C4729C3468F0023EC3C /* YWBaseModel.swift */ = {isa = PBXFileReference; lastKnownFileType = sourcecode.swift; path = YWBaseModel.swift; sourceTree = "<group>"; };
		62F68C4929C346E30023EC3C /* YWAccountItemModel.swift */ = {isa = PBXFileReference; lastKnownFileType = sourcecode.swift; path = YWAccountItemModel.swift; sourceTree = "<group>"; };
		62F68C4B29C34B330023EC3C /* HUDViewModelBase.swift */ = {isa = PBXFileReference; lastKnownFileType = sourcecode.swift; path = HUDViewModelBase.swift; sourceTree = "<group>"; };
		62F68C4D29C34E080023EC3C /* YWUIViewController+Extension.swift */ = {isa = PBXFileReference; lastKnownFileType = sourcecode.swift; path = "YWUIViewController+Extension.swift"; sourceTree = "<group>"; };
		D80CD5CD02A6E1E11EDF2028 /* Pods_YWTigerkin.framework */ = {isa = PBXFileReference; explicitFileType = wrapper.framework; includeInIndex = 0; path = Pods_YWTigerkin.framework; sourceTree = BUILT_PRODUCTS_DIR; };
		ED243E67DE8D7369D64DEEDA /* Pods-YWTigerkin.release.xcconfig */ = {isa = PBXFileReference; includeInIndex = 1; lastKnownFileType = text.xcconfig; name = "Pods-YWTigerkin.release.xcconfig"; path = "Target Support Files/Pods-YWTigerkin/Pods-YWTigerkin.release.xcconfig"; sourceTree = "<group>"; };
/* End PBXFileReference section */

/* Begin PBXFrameworksBuildPhase section */
		62F68B8A29AB5E190023EC3C /* Frameworks */ = {
			isa = PBXFrameworksBuildPhase;
			buildActionMask = 2147483647;
			files = (
				75A3E4B8A9E79AA3AF72D998 /* Pods_YWTigerkin.framework in Frameworks */,
			);
			runOnlyForDeploymentPostprocessing = 0;
		};
/* End PBXFrameworksBuildPhase section */

/* Begin PBXGroup section */
		38CA01FCF50B7950D6C7D981 /* Pods */ = {
			isa = PBXGroup;
			children = (
				288D7EC254B0498AFFA713DA /* Pods-YWTigerkin.debug.xcconfig */,
				ED243E67DE8D7369D64DEEDA /* Pods-YWTigerkin.release.xcconfig */,
			);
			path = Pods;
			sourceTree = "<group>";
		};
		624BE06129CB3AF40071CD57 /* YWRefreshHeader */ = {
			isa = PBXGroup;
			children = (
				624BE06229CB3B2E0071CD57 /* YWRefreshHeader.swift */,
				624BE06429CB3DBD0071CD57 /* YWRefreshAuotNormalFooter.swift */,
				624BE07129D01E500071CD57 /* YWRefreshFooter.swift */,
			);
			path = YWRefreshHeader;
			sourceTree = "<group>";
		};
		624BE06629CDD2CA0071CD57 /* YWAdvManager */ = {
			isa = PBXGroup;
			children = (
				624BE06729CDD2FD0071CD57 /* YWAdvsEventsModel.swift */,
				624BE06929CDD31F0071CD57 /* YWAdvsEventsManager.swift */,
			);
			path = YWAdvManager;
			sourceTree = "<group>";
		};
		624BE06B29CDE2BE0071CD57 /* YWThemeManager */ = {
			isa = PBXGroup;
			children = (
				624BE06C29CDE2F70071CD57 /* YWThemesColors.swift */,
			);
			path = YWThemeManager;
			sourceTree = "<group>";
		};
		624BE06E29CF29BA0071CD57 /* JKSwiftExtension */ = {
			isa = PBXGroup;
			children = (
				624BE06F29CF29E80071CD57 /* JKRegexHelper.swift */,
			);
			path = JKSwiftExtension;
			sourceTree = "<group>";
		};
		624BE07329D054690071CD57 /* YWThemeWaterView */ = {
			isa = PBXGroup;
			children = (
				624BE08829D062610071CD57 /* Model */,
				624BE08529D061370071CD57 /* Module */,
				624BE08229D0605A0071CD57 /* View */,
				624BE07429D054E40071CD57 /* YWThemesMainView.swift */,
				624BE08B29D0637C0071CD57 /* YWThemesMainLayout.swift */,
				624BE07629D0560B0071CD57 /* YWThemeHandleManagerView.swift */,
				624BE09329D5B8B20071CD57 /* YWThemeHandleManagerView+init.swift */,
				624BE07829D0564D0071CD57 /* YWThemeCollectionView.swift */,
				624BE07A29D05A010071CD57 /* YWCustomerLayoutSectionModuleProtocol.swift */,
				624BE07C29D05C220071CD57 /* YWCollectionCellModelProtocol.swift */,
				624BE07E29D05D9C0071CD57 /* YWCollectCCellProtocol.swift */,
				624BE08029D05F460071CD57 /* YWThemeBlockModel.swift */,
				624BE08F29D3137D0071CD57 /* YWCustomMathTool.swift */,
			);
			path = YWThemeWaterView;
			sourceTree = "<group>";
		};
		624BE08229D0605A0071CD57 /* View */ = {
			isa = PBXGroup;
			children = (
				624BE08329D060810071CD57 /* YWThemesCCell.swift */,
			);
			path = View;
			sourceTree = "<group>";
		};
		624BE08529D061370071CD57 /* Module */ = {
			isa = PBXGroup;
			children = (
				624BE08629D0619B0071CD57 /* YWCustomThemeMultiModule.swift */,
				624BE08D29D312990071CD57 /* YWWaterFallViewModule.swift */,
				624BE09129D31CA10071CD57 /* YWMultiColumnsGoodItemsViewModule.swift */,
				624BE09529D5BCAF0071CD57 /* YWAsinglViewModule.swift */,
			);
			path = Module;
			sourceTree = "<group>";
		};
		624BE08829D062610071CD57 /* Model */ = {
			isa = PBXGroup;
			children = (
				624BE08929D0628F0071CD57 /* YWThemeMultiCCellModel.swift */,
				624BE09729D5BFD40071CD57 /* YWHomeChannelCCellModel.swift */,
			);
			path = Model;
			sourceTree = "<group>";
		};
		62F68B8429AB5E190023EC3C = {
			isa = PBXGroup;
			children = (
				62F68B8F29AB5E190023EC3C /* YWTigerkin */,
				62F68B8E29AB5E190023EC3C /* Products */,
				38CA01FCF50B7950D6C7D981 /* Pods */,
				F5B48A8E83D30E48D7DA755C /* Frameworks */,
			);
			sourceTree = "<group>";
		};
		62F68B8E29AB5E190023EC3C /* Products */ = {
			isa = PBXGroup;
			children = (
				62F68B8D29AB5E190023EC3C /* YWTigerkin.app */,
			);
			name = Products;
			sourceTree = "<group>";
		};
		62F68B8F29AB5E190023EC3C /* YWTigerkin */ = {
			isa = PBXGroup;
			children = (
				62F68BA529AB74C80023EC3C /* Root */,
				62F68BA429AB74A30023EC3C /* Main */,
				62F68B9029AB5E190023EC3C /* AppDelegate.swift */,
				62F68BD129B0D5650023EC3C /* TTestOC.h */,
				62F68BD229B0D5650023EC3C /* TTestOC.m */,
				62F68B9229AB5E190023EC3C /* SceneDelegate.swift */,
				62F68B9429AB5E190023EC3C /* ViewController.swift */,
				62F68B9629AB5E190023EC3C /* Main.storyboard */,
				62F68B9929AB5E1F0023EC3C /* Assets.xcassets */,
				62F68B9B29AB5E1F0023EC3C /* LaunchScreen.storyboard */,
				62F68B9E29AB5E1F0023EC3C /* Info.plist */,
				62F68BD029B0D5640023EC3C /* YWTigerkin-Bridging-Header.h */,
			);
			path = YWTigerkin;
			sourceTree = "<group>";
		};
		62F68BA429AB74A30023EC3C /* Main */ = {
			isa = PBXGroup;
			children = (
				62F68C4629C346640023EC3C /* Base */,
				62F68C1229BA0DAA0023EC3C /* Message */,
				62F68C0E29BA0D720023EC3C /* Setting */,
				62F68BF729B228600023EC3C /* Search */,
				62F68BC029B0CDC80023EC3C /* Common */,
				62F68BBA29B0CBDA0023EC3C /* Library */,
				62F68BB829B0CB380023EC3C /* Services */,
				62F68BB529AB7D970023EC3C /* Web */,
				62F68BAE29AB75640023EC3C /* Category */,
				62F68BAD29AB75570023EC3C /* Account */,
				62F68BAC29AB754E0023EC3C /* Home */,
			);
			path = Main;
			sourceTree = "<group>";
		};
		62F68BA529AB74C80023EC3C /* Root */ = {
			isa = PBXGroup;
			children = (
				62F68BA629AB74F10023EC3C /* YWBaseViewController.swift */,
				62F68BA829AB75200023EC3C /* YWNavigationViewController.swift */,
				62F68BAA29AB75470023EC3C /* YWTabBarViewController.swift */,
			);
			path = Root;
			sourceTree = "<group>";
		};
		62F68BAC29AB754E0023EC3C /* Home */ = {
			isa = PBXGroup;
			children = (
				62F68C0929B61C820023EC3C /* Model */,
				62F68C0029B22B860023EC3C /* ViewModel */,
				62F68BAF29AB75B30023EC3C /* YWHomeCtrl.swift */,
			);
			path = Home;
			sourceTree = "<group>";
		};
		62F68BAD29AB75570023EC3C /* Account */ = {
			isa = PBXGroup;
			children = (
				62F68C4529C3463C0023EC3C /* Model */,
				62F68C4229C341970023EC3C /* View */,
				62F68C0129B22B940023EC3C /* ViewModel */,
				62F68BB129AB75C80023EC3C /* YWAccountCtrl.swift */,
				62F68C0C29BA0D6B0023EC3C /* YWAccountCenterCtrl.swift */,
			);
			path = Account;
			sourceTree = "<group>";
		};
		62F68BAE29AB75640023EC3C /* Category */ = {
			isa = PBXGroup;
			children = (
				62F68C0229B22B9C0023EC3C /* ViewModel */,
				62F68BB329AB75DD0023EC3C /* YWCategoryCtrl.swift */,
			);
			path = Category;
			sourceTree = "<group>";
		};
		62F68BB529AB7D970023EC3C /* Web */ = {
			isa = PBXGroup;
			children = (
				62F68BB629AB7DDC0023EC3C /* YWWebHtmlImageCtrl.swift */,
			);
			path = Web;
			sourceTree = "<group>";
		};
		62F68BB829B0CB380023EC3C /* Services */ = {
			isa = PBXGroup;
			children = (
				62F68BB929B0CB460023EC3C /* APIS */,
				62F68BE829B0E6CE0023EC3C /* YWUserService.swift */,
				62F68BFC29B2297C0023EC3C /* YWSearchService.swift */,
				62F68BEA29B0E6E00023EC3C /* YWLoginService.swift */,
			);
			path = Services;
			sourceTree = "<group>";
		};
		62F68BB929B0CB460023EC3C /* APIS */ = {
			isa = PBXGroup;
			children = (
				62F68BE029B0E1840023EC3C /* API.swift */,
				62F68BE429B0E3240023EC3C /* YWLoginAPI.swift */,
				62F68BE629B0E53E0023EC3C /* YWUserAPI.swift */,
				62F68BFE29B2299A0023EC3C /* YWSearchAPI.swift */,
			);
			path = APIS;
			sourceTree = "<group>";
		};
		62F68BBA29B0CBDA0023EC3C /* Library */ = {
			isa = PBXGroup;
			children = (
				624BE07329D054690071CD57 /* YWThemeWaterView */,
				624BE06E29CF29BA0071CD57 /* JKSwiftExtension */,
				624BE06129CB3AF40071CD57 /* YWRefreshHeader */,
				62F68C3829C1FC290023EC3C /* YWEmptyPlaceHolder */,
				62F68C2B29BA1C8B0023EC3C /* YWRequest */,
				62F68BEC29B21F010023EC3C /* Navigator */,
				62F68BBB29B0CBED0023EC3C /* YWMoyaRequest */,
			);
			path = Library;
			sourceTree = "<group>";
		};
		62F68BBB29B0CBED0023EC3C /* YWMoyaRequest */ = {
			isa = PBXGroup;
			children = (
				62F68BCA29B0D3070023EC3C /* YWGlobalConfigManager */,
				62F68BBC29B0CC1E0023EC3C /* YWMoyaConfig.swift */,
				62F68BE229B0E1BD0023EC3C /* YWNetworkLoggerPlugin.swift */,
				62F68BBE29B0CD250023EC3C /* YWUrlRouterConstant.swift */,
				62F68BD629B0DB320023EC3C /* YWTargetType.swift */,
				62F68BDA29B0E0BF0023EC3C /* YWResult.swift */,
				62F68BDC29B0E0E50023EC3C /* YWResponseCode.swift */,
				62F68BDE29B0E12F0023EC3C /* YWRequestable.swift */,
			);
			path = YWMoyaRequest;
			sourceTree = "<group>";
		};
		62F68BC029B0CDC80023EC3C /* Common */ = {
			isa = PBXGroup;
			children = (
				624BE06B29CDE2BE0071CD57 /* YWThemeManager */,
				624BE06629CDD2CA0071CD57 /* YWAdvManager */,
				62F68C3F29C1FDB30023EC3C /* YWDateManager */,
				62F68C2229BA107A0023EC3C /* Extensions */,
				62F68C1F29BA0F800023EC3C /* YWHud */,
				62F68BCD29B0D4980023EC3C /* YWUtils */,
				62F68BC129B0CDD20023EC3C /* YWConstants */,
			);
			path = Common;
			sourceTree = "<group>";
		};
		62F68BC129B0CDD20023EC3C /* YWConstants */ = {
			isa = PBXGroup;
			children = (
				62F68BC229B0CE0B0023EC3C /* YWConstant.swift */,
				62F68BC429B0CF790023EC3C /* YWConstant+Device.swift */,
				62F68BC629B0D01C0023EC3C /* YWConstant+UI.swift */,
				62F68BC829B0D1730023EC3C /* YWConstant+Common.swift */,
				62F68BD429B0D6610023EC3C /* YWUserHelper.swift */,
			);
			path = YWConstants;
			sourceTree = "<group>";
		};
		62F68BCA29B0D3070023EC3C /* YWGlobalConfigManager */ = {
			isa = PBXGroup;
			children = (
				62F68BCB29B0D32E0023EC3C /* YWGlobalConfigManager.swift */,
				62F68BD829B0DF7C0023EC3C /* YWGlobalURLConfigModel.swift */,
			);
			path = YWGlobalConfigManager;
			sourceTree = "<group>";
		};
		62F68BCD29B0D4980023EC3C /* YWUtils */ = {
			isa = PBXGroup;
			children = (
				62F68BCE29B0D4B60023EC3C /* YWKeyChainUtil.swift */,
			);
			path = YWUtils;
			sourceTree = "<group>";
		};
		62F68BEC29B21F010023EC3C /* Navigator */ = {
			isa = PBXGroup;
			children = (
				62F68BED29B21F390023EC3C /* YWNavigatorPaths.swift */,
				62F68BEF29B220270023EC3C /* YWNavigatable.swift */,
				62F68BF129B220BF0023EC3C /* YWViewModelBased.swift */,
				62F68BF329B221060023EC3C /* YWNavigatorServices.swift */,
				62F68BF529B227F30023EC3C /* YWNavigatorMap.swift */,
			);
			path = Navigator;
			sourceTree = "<group>";
		};
		62F68BF729B228600023EC3C /* Search */ = {
			isa = PBXGroup;
			children = (
				62F68C1C29BA0E450023EC3C /* ViewModel */,
				62F68BF829B228930023EC3C /* YWSearchCtrl.swift */,
				62F68C1A29BA0E3A0023EC3C /* YWSearchResultCtrl.swift */,
			);
			path = Search;
			sourceTree = "<group>";
		};
		62F68C0029B22B860023EC3C /* ViewModel */ = {
			isa = PBXGroup;
			children = (
				62F68C0329B61A650023EC3C /* YWHomeViewModel.swift */,
			);
			path = ViewModel;
			sourceTree = "<group>";
		};
		62F68C0129B22B940023EC3C /* ViewModel */ = {
			isa = PBXGroup;
			children = (
				62F68C0729B61AAB0023EC3C /* YWAccountViewModel.swift */,
			);
			path = ViewModel;
			sourceTree = "<group>";
		};
		62F68C0229B22B9C0023EC3C /* ViewModel */ = {
			isa = PBXGroup;
			children = (
				62F68C0529B61A850023EC3C /* YWCategoryViewModel.swift */,
			);
			path = ViewModel;
			sourceTree = "<group>";
		};
		62F68C0929B61C820023EC3C /* Model */ = {
			isa = PBXGroup;
			children = (
				62F68C0A29B61C9C0023EC3C /* YWHomeModel.swift */,
			);
			path = Model;
			sourceTree = "<group>";
		};
		62F68C0E29BA0D720023EC3C /* Setting */ = {
			isa = PBXGroup;
			children = (
				62F68C0F29BA0D7A0023EC3C /* ViewModel */,
				62F68C1029BA0D9B0023EC3C /* YWSettingCtrl.swift */,
			);
			path = Setting;
			sourceTree = "<group>";
		};
		62F68C0F29BA0D7A0023EC3C /* ViewModel */ = {
			isa = PBXGroup;
			children = (
			);
			path = ViewModel;
			sourceTree = "<group>";
		};
		62F68C1229BA0DAA0023EC3C /* Message */ = {
			isa = PBXGroup;
			children = (
				62F68C1329BA0DB50023EC3C /* ViewMode */,
				62F68C1429BA0DCE0023EC3C /* YWMessageCenterCtrl.swift */,
				62F68C1629BA0DEC0023EC3C /* YWMessageSystemCtrl.swift */,
				62F68C1829BA0E010023EC3C /* YWMessageActivityCtrl.swift */,
			);
			path = Message;
			sourceTree = "<group>";
		};
		62F68C1329BA0DB50023EC3C /* ViewMode */ = {
			isa = PBXGroup;
			children = (
			);
			path = ViewMode;
			sourceTree = "<group>";
		};
		62F68C1C29BA0E450023EC3C /* ViewModel */ = {
			isa = PBXGroup;
			children = (
				62F68BFA29B2291B0023EC3C /* YWSearchViewModel.swift */,
				62F68C1D29BA0E760023EC3C /* YWSearchResultViewModel.swift */,
			);
			path = ViewModel;
			sourceTree = "<group>";
		};
		62F68C1F29BA0F800023EC3C /* YWHud */ = {
			isa = PBXGroup;
			children = (
				62F68C2029BA0FA10023EC3C /* YWProgressHUD.swift */,
			);
			path = YWHud;
			sourceTree = "<group>";
		};
		62F68C2229BA107A0023EC3C /* Extensions */ = {
			isa = PBXGroup;
			children = (
				62F68C2329BA10CB0023EC3C /* YWColor+Extension.swift */,
				62F68C2529BA167A0023EC3C /* YWImage+Extension.swift */,
				62F68C2729BA19B50023EC3C /* YWColor+Theme.swift */,
				62F68C2929BA1A5D0023EC3C /* YWNSObject+Extension.swift */,
				62F68C2E29BA1E1C0023EC3C /* YWNavigationController+Extension.swift */,
				62F68C3029BA20980023EC3C /* YWFont+Extension.swift */,
				62F68C3229BA21570023EC3C /* YWButton+Extension.swift */,
				62F68C3429BF51700023EC3C /* YWView+Extension.swift */,
				62F68C3629C0A5B10023EC3C /* YWString+Extension.swift */,
				62F68C4D29C34E080023EC3C /* YWUIViewController+Extension.swift */,
			);
			path = Extensions;
			sourceTree = "<group>";
		};
		62F68C2B29BA1C8B0023EC3C /* YWRequest */ = {
			isa = PBXGroup;
			children = (
				62F68C2C29BA1D640023EC3C /* YWOrigRequest.swift */,
			);
			path = YWRequest;
			sourceTree = "<group>";
		};
		62F68C3829C1FC290023EC3C /* YWEmptyPlaceHolder */ = {
			isa = PBXGroup;
			children = (
				62F68C3D29C1FC590023EC3C /* UIScrollView+ODBlankPageTipView.swift */,
				62F68C3B29C1FC4D0023EC3C /* ODBlankPageTipView.swift */,
				62F68C3929C1FC3E0023EC3C /* YWNetworkReachabilityManager.swift */,
			);
			path = YWEmptyPlaceHolder;
			sourceTree = "<group>";
		};
		62F68C3F29C1FDB30023EC3C /* YWDateManager */ = {
			isa = PBXGroup;
			children = (
				62F68C4029C1FDCF0023EC3C /* YWDate.swift */,
			);
			path = YWDateManager;
			sourceTree = "<group>";
		};
		62F68C4229C341970023EC3C /* View */ = {
			isa = PBXGroup;
			children = (
				62F68C4329C341E30023EC3C /* YWAccountCell.swift */,
			);
			path = View;
			sourceTree = "<group>";
		};
		62F68C4529C3463C0023EC3C /* Model */ = {
			isa = PBXGroup;
			children = (
				62F68C4929C346E30023EC3C /* YWAccountItemModel.swift */,
			);
			path = Model;
			sourceTree = "<group>";
		};
		62F68C4629C346640023EC3C /* Base */ = {
			isa = PBXGroup;
			children = (
				62F68C4729C3468F0023EC3C /* YWBaseModel.swift */,
				62F68C4B29C34B330023EC3C /* HUDViewModelBase.swift */,
			);
			path = Base;
			sourceTree = "<group>";
		};
		F5B48A8E83D30E48D7DA755C /* Frameworks */ = {
			isa = PBXGroup;
			children = (
				D80CD5CD02A6E1E11EDF2028 /* Pods_YWTigerkin.framework */,
			);
			name = Frameworks;
			sourceTree = "<group>";
		};
/* End PBXGroup section */

/* Begin PBXNativeTarget section */
		62F68B8C29AB5E190023EC3C /* YWTigerkin */ = {
			isa = PBXNativeTarget;
			buildConfigurationList = 62F68BA129AB5E1F0023EC3C /* Build configuration list for PBXNativeTarget "YWTigerkin" */;
			buildPhases = (
				1C030E2844A445E52B6D9F5D /* [CP] Check Pods Manifest.lock */,
				62F68B8929AB5E190023EC3C /* Sources */,
				62F68B8A29AB5E190023EC3C /* Frameworks */,
				62F68B8B29AB5E190023EC3C /* Resources */,
				2927D9E9DB868C311C5F6285 /* [CP] Embed Pods Frameworks */,
			);
			buildRules = (
			);
			dependencies = (
			);
			name = YWTigerkin;
			productName = YWTigerkin;
			productReference = 62F68B8D29AB5E190023EC3C /* YWTigerkin.app */;
			productType = "com.apple.product-type.application";
		};
/* End PBXNativeTarget section */

/* Begin PBXProject section */
		62F68B8529AB5E190023EC3C /* Project object */ = {
			isa = PBXProject;
			attributes = {
				BuildIndependentTargetsInParallel = 1;
				LastSwiftUpdateCheck = 1320;
				LastUpgradeCheck = 1320;
				TargetAttributes = {
					62F68B8C29AB5E190023EC3C = {
						CreatedOnToolsVersion = 13.2.1;
						LastSwiftMigration = 1320;
					};
				};
			};
			buildConfigurationList = 62F68B8829AB5E190023EC3C /* Build configuration list for PBXProject "YWTigerkin" */;
			compatibilityVersion = "Xcode 13.0";
			developmentRegion = en;
			hasScannedForEncodings = 0;
			knownRegions = (
				en,
				Base,
			);
			mainGroup = 62F68B8429AB5E190023EC3C;
			productRefGroup = 62F68B8E29AB5E190023EC3C /* Products */;
			projectDirPath = "";
			projectRoot = "";
			targets = (
				62F68B8C29AB5E190023EC3C /* YWTigerkin */,
			);
		};
/* End PBXProject section */

/* Begin PBXResourcesBuildPhase section */
		62F68B8B29AB5E190023EC3C /* Resources */ = {
			isa = PBXResourcesBuildPhase;
			buildActionMask = 2147483647;
			files = (
				62F68B9D29AB5E1F0023EC3C /* LaunchScreen.storyboard in Resources */,
				62F68B9A29AB5E1F0023EC3C /* Assets.xcassets in Resources */,
				62F68B9829AB5E190023EC3C /* Main.storyboard in Resources */,
			);
			runOnlyForDeploymentPostprocessing = 0;
		};
/* End PBXResourcesBuildPhase section */

/* Begin PBXShellScriptBuildPhase section */
		1C030E2844A445E52B6D9F5D /* [CP] Check Pods Manifest.lock */ = {
			isa = PBXShellScriptBuildPhase;
			buildActionMask = 2147483647;
			files = (
			);
			inputFileListPaths = (
			);
			inputPaths = (
				"${PODS_PODFILE_DIR_PATH}/Podfile.lock",
				"${PODS_ROOT}/Manifest.lock",
			);
			name = "[CP] Check Pods Manifest.lock";
			outputFileListPaths = (
			);
			outputPaths = (
				"$(DERIVED_FILE_DIR)/Pods-YWTigerkin-checkManifestLockResult.txt",
			);
			runOnlyForDeploymentPostprocessing = 0;
			shellPath = /bin/sh;
			shellScript = "diff \"${PODS_PODFILE_DIR_PATH}/Podfile.lock\" \"${PODS_ROOT}/Manifest.lock\" > /dev/null\nif [ $? != 0 ] ; then\n    # print error to STDERR\n    echo \"error: The sandbox is not in sync with the Podfile.lock. Run 'pod install' or update your CocoaPods installation.\" >&2\n    exit 1\nfi\n# This output is used by Xcode 'outputs' to avoid re-running this script phase.\necho \"SUCCESS\" > \"${SCRIPT_OUTPUT_FILE_0}\"\n";
			showEnvVarsInLog = 0;
		};
		2927D9E9DB868C311C5F6285 /* [CP] Embed Pods Frameworks */ = {
			isa = PBXShellScriptBuildPhase;
			buildActionMask = 2147483647;
			files = (
			);
			inputFileListPaths = (
				"${PODS_ROOT}/Target Support Files/Pods-YWTigerkin/Pods-YWTigerkin-frameworks-${CONFIGURATION}-input-files.xcfilelist",
			);
			name = "[CP] Embed Pods Frameworks";
			outputFileListPaths = (
				"${PODS_ROOT}/Target Support Files/Pods-YWTigerkin/Pods-YWTigerkin-frameworks-${CONFIGURATION}-output-files.xcfilelist",
			);
			runOnlyForDeploymentPostprocessing = 0;
			shellPath = /bin/sh;
			shellScript = "\"${PODS_ROOT}/Target Support Files/Pods-YWTigerkin/Pods-YWTigerkin-frameworks.sh\"\n";
			showEnvVarsInLog = 0;
		};
/* End PBXShellScriptBuildPhase section */

/* Begin PBXSourcesBuildPhase section */
		62F68B8929AB5E190023EC3C /* Sources */ = {
			isa = PBXSourcesBuildPhase;
			buildActionMask = 2147483647;
			files = (
				62F68BC929B0D1730023EC3C /* YWConstant+Common.swift in Sources */,
				62F68BC729B0D01C0023EC3C /* YWConstant+UI.swift in Sources */,
				62F68BF429B221060023EC3C /* YWNavigatorServices.swift in Sources */,
				62F68C1729BA0DEC0023EC3C /* YWMessageSystemCtrl.swift in Sources */,
				62F68C2829BA19B50023EC3C /* YWColor+Theme.swift in Sources */,
				624BE07529D054E40071CD57 /* YWThemesMainView.swift in Sources */,
				62F68BB229AB75C80023EC3C /* YWAccountCtrl.swift in Sources */,
				62F68BAB29AB75470023EC3C /* YWTabBarViewController.swift in Sources */,
				62F68C3129BA20980023EC3C /* YWFont+Extension.swift in Sources */,
				624BE08A29D0628F0071CD57 /* YWThemeMultiCCellModel.swift in Sources */,
				62F68C0829B61AAB0023EC3C /* YWAccountViewModel.swift in Sources */,
				62F68BBF29B0CD250023EC3C /* YWUrlRouterConstant.swift in Sources */,
				62F68C0429B61A650023EC3C /* YWHomeViewModel.swift in Sources */,
				62F68BCF29B0D4B60023EC3C /* YWKeyChainUtil.swift in Sources */,
				62F68C1529BA0DCE0023EC3C /* YWMessageCenterCtrl.swift in Sources */,
				624BE07729D0560B0071CD57 /* YWThemeHandleManagerView.swift in Sources */,
				62F68C4C29C34B330023EC3C /* HUDViewModelBase.swift in Sources */,
				624BE09429D5B8B20071CD57 /* YWThemeHandleManagerView+init.swift in Sources */,
				62F68BE729B0E53E0023EC3C /* YWUserAPI.swift in Sources */,
				62F68C0B29B61C9C0023EC3C /* YWHomeModel.swift in Sources */,
				624BE09629D5BCAF0071CD57 /* YWAsinglViewModule.swift in Sources */,
				624BE06329CB3B2E0071CD57 /* YWRefreshHeader.swift in Sources */,
				62F68B9529AB5E190023EC3C /* ViewController.swift in Sources */,
				62F68C2F29BA1E1C0023EC3C /* YWNavigationController+Extension.swift in Sources */,
				62F68C0D29BA0D6B0023EC3C /* YWAccountCenterCtrl.swift in Sources */,
				62F68BF929B228930023EC3C /* YWSearchCtrl.swift in Sources */,
				62F68C2129BA0FA10023EC3C /* YWProgressHUD.swift in Sources */,
				62F68BF229B220BF0023EC3C /* YWViewModelBased.swift in Sources */,
				62F68BBD29B0CC1E0023EC3C /* YWMoyaConfig.swift in Sources */,
				62F68BE129B0E1840023EC3C /* API.swift in Sources */,
				62F68BF629B227F30023EC3C /* YWNavigatorMap.swift in Sources */,
				62F68BE329B0E1BD0023EC3C /* YWNetworkLoggerPlugin.swift in Sources */,
				624BE08429D060810071CD57 /* YWThemesCCell.swift in Sources */,
				624BE06529CB3DBD0071CD57 /* YWRefreshAuotNormalFooter.swift in Sources */,
				624BE08729D0619B0071CD57 /* YWCustomThemeMultiModule.swift in Sources */,
				62F68C1E29BA0E760023EC3C /* YWSearchResultViewModel.swift in Sources */,
				62F68BCC29B0D32E0023EC3C /* YWGlobalConfigManager.swift in Sources */,
				62F68BEE29B21F390023EC3C /* YWNavigatorPaths.swift in Sources */,
				62F68C2629BA167A0023EC3C /* YWImage+Extension.swift in Sources */,
				62F68C4129C1FDCF0023EC3C /* YWDate.swift in Sources */,
				62F68BDD29B0E0E50023EC3C /* YWResponseCode.swift in Sources */,
				62F68BD329B0D5650023EC3C /* TTestOC.m in Sources */,
				62F68C4829C3468F0023EC3C /* YWBaseModel.swift in Sources */,
				62F68B9129AB5E190023EC3C /* AppDelegate.swift in Sources */,
				62F68BB429AB75DD0023EC3C /* YWCategoryCtrl.swift in Sources */,
				624BE09829D5BFD40071CD57 /* YWHomeChannelCCellModel.swift in Sources */,
				62F68BDF29B0E12F0023EC3C /* YWRequestable.swift in Sources */,
				62F68BC529B0CF790023EC3C /* YWConstant+Device.swift in Sources */,
				62F68BF029B220270023EC3C /* YWNavigatable.swift in Sources */,
				62F68C4E29C34E080023EC3C /* YWUIViewController+Extension.swift in Sources */,
				624BE08E29D312990071CD57 /* YWWaterFallViewModule.swift in Sources */,
				62F68BC329B0CE0B0023EC3C /* YWConstant.swift in Sources */,
				62F68C1129BA0D9B0023EC3C /* YWSettingCtrl.swift in Sources */,
				62F68C0629B61A850023EC3C /* YWCategoryViewModel.swift in Sources */,
				62F68C3A29C1FC3E0023EC3C /* YWNetworkReachabilityManager.swift in Sources */,
				62F68BE529B0E3240023EC3C /* YWLoginAPI.swift in Sources */,
				624BE06D29CDE2F70071CD57 /* YWThemesColors.swift in Sources */,
				62F68BFB29B2291B0023EC3C /* YWSearchViewModel.swift in Sources */,
				62F68BD729B0DB320023EC3C /* YWTargetType.swift in Sources */,
				62F68BFF29B2299A0023EC3C /* YWSearchAPI.swift in Sources */,
				624BE06829CDD2FE0071CD57 /* YWAdvsEventsModel.swift in Sources */,
				62F68BFD29B2297C0023EC3C /* YWSearchService.swift in Sources */,
				624BE07B29D05A010071CD57 /* YWCustomerLayoutSectionModuleProtocol.swift in Sources */,
				62F68BB029AB75B30023EC3C /* YWHomeCtrl.swift in Sources */,
				624BE07229D01E500071CD57 /* YWRefreshFooter.swift in Sources */,
				62F68BB729AB7DDC0023EC3C /* YWWebHtmlImageCtrl.swift in Sources */,
				62F68BD529B0D6610023EC3C /* YWUserHelper.swift in Sources */,
				62F68C3329BA21570023EC3C /* YWButton+Extension.swift in Sources */,
				62F68C1929BA0E010023EC3C /* YWMessageActivityCtrl.swift in Sources */,
				624BE07F29D05D9C0071CD57 /* YWCollectCCellProtocol.swift in Sources */,
				62F68C4429C341E40023EC3C /* YWAccountCell.swift in Sources */,
				624BE07929D0564D0071CD57 /* YWThemeCollectionView.swift in Sources */,
				62F68BE929B0E6CE0023EC3C /* YWUserService.swift in Sources */,
				62F68C3E29C1FC590023EC3C /* UIScrollView+ODBlankPageTipView.swift in Sources */,
				624BE06A29CDD31F0071CD57 /* YWAdvsEventsManager.swift in Sources */,
				62F68C4A29C346E30023EC3C /* YWAccountItemModel.swift in Sources */,
				62F68C3C29C1FC4D0023EC3C /* ODBlankPageTipView.swift in Sources */,
				624BE08C29D0637C0071CD57 /* YWThemesMainLayout.swift in Sources */,
				62F68C3529BF51700023EC3C /* YWView+Extension.swift in Sources */,
				624BE07D29D05C220071CD57 /* YWCollectionCellModelProtocol.swift in Sources */,
				62F68C1B29BA0E3A0023EC3C /* YWSearchResultCtrl.swift in Sources */,
				62F68B9329AB5E190023EC3C /* SceneDelegate.swift in Sources */,
				62F68BA929AB75200023EC3C /* YWNavigationViewController.swift in Sources */,
				62F68BDB29B0E0BF0023EC3C /* YWResult.swift in Sources */,
				62F68BEB29B0E6E00023EC3C /* YWLoginService.swift in Sources */,
				624BE09029D3137D0071CD57 /* YWCustomMathTool.swift in Sources */,
				624BE08129D05F460071CD57 /* YWThemeBlockModel.swift in Sources */,
				62F68BD929B0DF7C0023EC3C /* YWGlobalURLConfigModel.swift in Sources */,
				62F68C2A29BA1A5D0023EC3C /* YWNSObject+Extension.swift in Sources */,
				62F68C2D29BA1D640023EC3C /* YWOrigRequest.swift in Sources */,
				62F68BA729AB74F10023EC3C /* YWBaseViewController.swift in Sources */,
				624BE07029CF29E80071CD57 /* JKRegexHelper.swift in Sources */,
				62F68C3729C0A5B10023EC3C /* YWString+Extension.swift in Sources */,
				624BE09229D31CA10071CD57 /* YWMultiColumnsGoodItemsViewModule.swift in Sources */,
				62F68C2429BA10CB0023EC3C /* YWColor+Extension.swift in Sources */,
			);
			runOnlyForDeploymentPostprocessing = 0;
		};
/* End PBXSourcesBuildPhase section */

/* Begin PBXVariantGroup section */
		62F68B9629AB5E190023EC3C /* Main.storyboard */ = {
			isa = PBXVariantGroup;
			children = (
				62F68B9729AB5E190023EC3C /* Base */,
			);
			name = Main.storyboard;
			sourceTree = "<group>";
		};
		62F68B9B29AB5E1F0023EC3C /* LaunchScreen.storyboard */ = {
			isa = PBXVariantGroup;
			children = (
				62F68B9C29AB5E1F0023EC3C /* Base */,
			);
			name = LaunchScreen.storyboard;
			sourceTree = "<group>";
		};
/* End PBXVariantGroup section */

/* Begin XCBuildConfiguration section */
		62F68B9F29AB5E1F0023EC3C /* Debug */ = {
			isa = XCBuildConfiguration;
			buildSettings = {
				ALWAYS_SEARCH_USER_PATHS = NO;
				CLANG_ANALYZER_NONNULL = YES;
				CLANG_ANALYZER_NUMBER_OBJECT_CONVERSION = YES_AGGRESSIVE;
				CLANG_CXX_LANGUAGE_STANDARD = "gnu++17";
				CLANG_CXX_LIBRARY = "libc++";
				CLANG_ENABLE_MODULES = YES;
				CLANG_ENABLE_OBJC_ARC = YES;
				CLANG_ENABLE_OBJC_WEAK = YES;
				CLANG_WARN_BLOCK_CAPTURE_AUTORELEASING = YES;
				CLANG_WARN_BOOL_CONVERSION = YES;
				CLANG_WARN_COMMA = YES;
				CLANG_WARN_CONSTANT_CONVERSION = YES;
				CLANG_WARN_DEPRECATED_OBJC_IMPLEMENTATIONS = YES;
				CLANG_WARN_DIRECT_OBJC_ISA_USAGE = YES_ERROR;
				CLANG_WARN_DOCUMENTATION_COMMENTS = YES;
				CLANG_WARN_EMPTY_BODY = YES;
				CLANG_WARN_ENUM_CONVERSION = YES;
				CLANG_WARN_INFINITE_RECURSION = YES;
				CLANG_WARN_INT_CONVERSION = YES;
				CLANG_WARN_NON_LITERAL_NULL_CONVERSION = YES;
				CLANG_WARN_OBJC_IMPLICIT_RETAIN_SELF = YES;
				CLANG_WARN_OBJC_LITERAL_CONVERSION = YES;
				CLANG_WARN_OBJC_ROOT_CLASS = YES_ERROR;
				CLANG_WARN_QUOTED_INCLUDE_IN_FRAMEWORK_HEADER = YES;
				CLANG_WARN_RANGE_LOOP_ANALYSIS = YES;
				CLANG_WARN_STRICT_PROTOTYPES = YES;
				CLANG_WARN_SUSPICIOUS_MOVE = YES;
				CLANG_WARN_UNGUARDED_AVAILABILITY = YES_AGGRESSIVE;
				CLANG_WARN_UNREACHABLE_CODE = YES;
				CLANG_WARN__DUPLICATE_METHOD_MATCH = YES;
				COPY_PHASE_STRIP = NO;
				DEBUG_INFORMATION_FORMAT = dwarf;
				ENABLE_STRICT_OBJC_MSGSEND = YES;
				ENABLE_TESTABILITY = YES;
				GCC_C_LANGUAGE_STANDARD = gnu11;
				GCC_DYNAMIC_NO_PIC = NO;
				GCC_NO_COMMON_BLOCKS = YES;
				GCC_OPTIMIZATION_LEVEL = 0;
				GCC_PREPROCESSOR_DEFINITIONS = (
					"DEBUG=1",
					"$(inherited)",
				);
				GCC_WARN_64_TO_32_BIT_CONVERSION = YES;
				GCC_WARN_ABOUT_RETURN_TYPE = YES_ERROR;
				GCC_WARN_UNDECLARED_SELECTOR = YES;
				GCC_WARN_UNINITIALIZED_AUTOS = YES_AGGRESSIVE;
				GCC_WARN_UNUSED_FUNCTION = YES;
				GCC_WARN_UNUSED_VARIABLE = YES;
				IPHONEOS_DEPLOYMENT_TARGET = 15.2;
				MTL_ENABLE_DEBUG_INFO = INCLUDE_SOURCE;
				MTL_FAST_MATH = YES;
				ONLY_ACTIVE_ARCH = YES;
				SDKROOT = iphoneos;
				SWIFT_ACTIVE_COMPILATION_CONDITIONS = DEBUG;
				SWIFT_OPTIMIZATION_LEVEL = "-Onone";
			};
			name = Debug;
		};
		62F68BA029AB5E1F0023EC3C /* Release */ = {
			isa = XCBuildConfiguration;
			buildSettings = {
				ALWAYS_SEARCH_USER_PATHS = NO;
				CLANG_ANALYZER_NONNULL = YES;
				CLANG_ANALYZER_NUMBER_OBJECT_CONVERSION = YES_AGGRESSIVE;
				CLANG_CXX_LANGUAGE_STANDARD = "gnu++17";
				CLANG_CXX_LIBRARY = "libc++";
				CLANG_ENABLE_MODULES = YES;
				CLANG_ENABLE_OBJC_ARC = YES;
				CLANG_ENABLE_OBJC_WEAK = YES;
				CLANG_WARN_BLOCK_CAPTURE_AUTORELEASING = YES;
				CLANG_WARN_BOOL_CONVERSION = YES;
				CLANG_WARN_COMMA = YES;
				CLANG_WARN_CONSTANT_CONVERSION = YES;
				CLANG_WARN_DEPRECATED_OBJC_IMPLEMENTATIONS = YES;
				CLANG_WARN_DIRECT_OBJC_ISA_USAGE = YES_ERROR;
				CLANG_WARN_DOCUMENTATION_COMMENTS = YES;
				CLANG_WARN_EMPTY_BODY = YES;
				CLANG_WARN_ENUM_CONVERSION = YES;
				CLANG_WARN_INFINITE_RECURSION = YES;
				CLANG_WARN_INT_CONVERSION = YES;
				CLANG_WARN_NON_LITERAL_NULL_CONVERSION = YES;
				CLANG_WARN_OBJC_IMPLICIT_RETAIN_SELF = YES;
				CLANG_WARN_OBJC_LITERAL_CONVERSION = YES;
				CLANG_WARN_OBJC_ROOT_CLASS = YES_ERROR;
				CLANG_WARN_QUOTED_INCLUDE_IN_FRAMEWORK_HEADER = YES;
				CLANG_WARN_RANGE_LOOP_ANALYSIS = YES;
				CLANG_WARN_STRICT_PROTOTYPES = YES;
				CLANG_WARN_SUSPICIOUS_MOVE = YES;
				CLANG_WARN_UNGUARDED_AVAILABILITY = YES_AGGRESSIVE;
				CLANG_WARN_UNREACHABLE_CODE = YES;
				CLANG_WARN__DUPLICATE_METHOD_MATCH = YES;
				COPY_PHASE_STRIP = NO;
				DEBUG_INFORMATION_FORMAT = "dwarf-with-dsym";
				ENABLE_NS_ASSERTIONS = NO;
				ENABLE_STRICT_OBJC_MSGSEND = YES;
				GCC_C_LANGUAGE_STANDARD = gnu11;
				GCC_NO_COMMON_BLOCKS = YES;
				GCC_WARN_64_TO_32_BIT_CONVERSION = YES;
				GCC_WARN_ABOUT_RETURN_TYPE = YES_ERROR;
				GCC_WARN_UNDECLARED_SELECTOR = YES;
				GCC_WARN_UNINITIALIZED_AUTOS = YES_AGGRESSIVE;
				GCC_WARN_UNUSED_FUNCTION = YES;
				GCC_WARN_UNUSED_VARIABLE = YES;
				IPHONEOS_DEPLOYMENT_TARGET = 15.2;
				MTL_ENABLE_DEBUG_INFO = NO;
				MTL_FAST_MATH = YES;
				SDKROOT = iphoneos;
				SWIFT_COMPILATION_MODE = wholemodule;
				SWIFT_OPTIMIZATION_LEVEL = "-O";
				VALIDATE_PRODUCT = YES;
			};
			name = Release;
		};
		62F68BA229AB5E1F0023EC3C /* Debug */ = {
			isa = XCBuildConfiguration;
			baseConfigurationReference = 288D7EC254B0498AFFA713DA /* Pods-YWTigerkin.debug.xcconfig */;
			buildSettings = {
				ASSETCATALOG_COMPILER_APPICON_NAME = AppIcon;
				ASSETCATALOG_COMPILER_GLOBAL_ACCENT_COLOR_NAME = AccentColor;
				CLANG_ENABLE_MODULES = YES;
				CODE_SIGN_STYLE = Automatic;
				CURRENT_PROJECT_VERSION = 1;
				GENERATE_INFOPLIST_FILE = YES;
				INFOPLIST_FILE = YWTigerkin/Info.plist;
				INFOPLIST_KEY_UIApplicationSupportsIndirectInputEvents = YES;
				INFOPLIST_KEY_UILaunchStoryboardName = LaunchScreen;
				INFOPLIST_KEY_UISupportedInterfaceOrientations_iPad = "UIInterfaceOrientationPortrait UIInterfaceOrientationPortraitUpsideDown UIInterfaceOrientationLandscapeLeft UIInterfaceOrientationLandscapeRight";
				INFOPLIST_KEY_UISupportedInterfaceOrientations_iPhone = "UIInterfaceOrientationPortrait UIInterfaceOrientationLandscapeLeft UIInterfaceOrientationLandscapeRight";
				INFOPLIST_KEY_UIUserInterfaceStyle = UIUserInterfaceStyleLight;
				LD_RUNPATH_SEARCH_PATHS = (
					"$(inherited)",
					"@executable_path/Frameworks",
				);
				MARKETING_VERSION = 1.0;
				PRODUCT_BUNDLE_IDENTIFIER = cc.YWTigerkin;
				PRODUCT_NAME = "$(TARGET_NAME)";
				SWIFT_EMIT_LOC_STRINGS = YES;
				SWIFT_OBJC_BRIDGING_HEADER = "YWTigerkin/YWTigerkin-Bridging-Header.h";
				SWIFT_OPTIMIZATION_LEVEL = "-Onone";
				SWIFT_VERSION = 5.0;
				TARGETED_DEVICE_FAMILY = 1;
			};
			name = Debug;
		};
		62F68BA329AB5E1F0023EC3C /* Release */ = {
			isa = XCBuildConfiguration;
			baseConfigurationReference = ED243E67DE8D7369D64DEEDA /* Pods-YWTigerkin.release.xcconfig */;
			buildSettings = {
				ASSETCATALOG_COMPILER_APPICON_NAME = AppIcon;
				ASSETCATALOG_COMPILER_GLOBAL_ACCENT_COLOR_NAME = AccentColor;
				CLANG_ENABLE_MODULES = YES;
				CODE_SIGN_STYLE = Automatic;
				CURRENT_PROJECT_VERSION = 1;
				GENERATE_INFOPLIST_FILE = YES;
				INFOPLIST_FILE = YWTigerkin/Info.plist;
				INFOPLIST_KEY_UIApplicationSupportsIndirectInputEvents = YES;
				INFOPLIST_KEY_UILaunchStoryboardName = LaunchScreen;
				INFOPLIST_KEY_UISupportedInterfaceOrientations_iPad = "UIInterfaceOrientationPortrait UIInterfaceOrientationPortraitUpsideDown UIInterfaceOrientationLandscapeLeft UIInterfaceOrientationLandscapeRight";
				INFOPLIST_KEY_UISupportedInterfaceOrientations_iPhone = "UIInterfaceOrientationPortrait UIInterfaceOrientationLandscapeLeft UIInterfaceOrientationLandscapeRight";
				INFOPLIST_KEY_UIUserInterfaceStyle = UIUserInterfaceStyleLight;
				LD_RUNPATH_SEARCH_PATHS = (
					"$(inherited)",
					"@executable_path/Frameworks",
				);
				MARKETING_VERSION = 1.0;
				PRODUCT_BUNDLE_IDENTIFIER = cc.YWTigerkin;
				PRODUCT_NAME = "$(TARGET_NAME)";
				SWIFT_EMIT_LOC_STRINGS = YES;
				SWIFT_OBJC_BRIDGING_HEADER = "YWTigerkin/YWTigerkin-Bridging-Header.h";
				SWIFT_VERSION = 5.0;
				TARGETED_DEVICE_FAMILY = 1;
			};
			name = Release;
		};
/* End XCBuildConfiguration section */

/* Begin XCConfigurationList section */
		62F68B8829AB5E190023EC3C /* Build configuration list for PBXProject "YWTigerkin" */ = {
			isa = XCConfigurationList;
			buildConfigurations = (
				62F68B9F29AB5E1F0023EC3C /* Debug */,
				62F68BA029AB5E1F0023EC3C /* Release */,
			);
			defaultConfigurationIsVisible = 0;
			defaultConfigurationName = Release;
		};
		62F68BA129AB5E1F0023EC3C /* Build configuration list for PBXNativeTarget "YWTigerkin" */ = {
			isa = XCConfigurationList;
			buildConfigurations = (
				62F68BA229AB5E1F0023EC3C /* Debug */,
				62F68BA329AB5E1F0023EC3C /* Release */,
			);
			defaultConfigurationIsVisible = 0;
			defaultConfigurationName = Release;
		};
/* End XCConfigurationList section */
	};
	rootObject = 62F68B8529AB5E190023EC3C /* Project object */;
}
